PODS:
  - BSImagePicker (3.3.1)
  - IQKeyboardManagerSwift (6.5.6)
  - Kingfisher (4.10.1)
  - ReachabilitySwift (3)
  - SwiftLint (0.43.1)

DEPENDENCIES:
  - BSImagePicker (~> 3.1)
  - IQKeyboardManagerSwift
  - Kingfisher (~> 4.0)
  - ReachabilitySwift (~> 3)
  - SwiftLint

SPEC REPOS:
  trunk:
    - BSImagePicker
    - IQKeyboardManagerSwift
    - Kingfisher
    - ReachabilitySwift
    - SwiftLint

SPEC CHECKSUMS:
  BSImagePicker: 0fe04b574d4d6b81093785d2af6c26227efc8428
  IQKeyboardManagerSwift: c7df9d2deb356c04522f5c4b7b6e4ce4d8ed94fe
  Kingfisher: c148cd7b47ebde9989f6bc7c27dcaa79d81279a0
  ReachabilitySwift: f5b9bb30a0777fac8f09ce8b067e32faeb29bb64
  SwiftLint: 99f82d07b837b942dd563c668de129a03fc3fb52

PODFILE CHECKSUM: 5d5449dccc79d76083586a5e5a49f8579089fce2

COCOAPODS: 1.10.1
